
Microsoft Visual Studio Solution File, Format Version 12.00
Project("{FAE04EC0-301F-11D3-BF4B-00C04F79EFBC}") = "SimpleGameServerCS", "SimpleGameServerCS\SimpleGameServerCS.csproj", "{C776A601-BDE1-4B88-9FCD-51C1EB23BF62}"
EndProject
Global
	GlobalSection(SolutionConfigurationPlatforms) = preSolution
		Debug|Any CPU = Debug|Any CPU
		Release|Any CPU = Release|Any CPU
	EndGlobalSection
	GlobalSection(ProjectConfigurationPlatforms) = postSolution
		{C776A601-BDE1-4B88-9FCD-51C1EB23BF62}.Debug|Any CPU.ActiveCfg = Debug|Any CPU
		{C776A601-BDE1-4B88-9FCD-51C1EB23BF62}.Debug|Any CPU.Build.0 = Debug|Any CPU
		{C776A601-BDE1-4B88-9FCD-51C1EB23BF62}.Release|Any CPU.ActiveCfg = Release|Any CPU
		{C776A601-BDE1-4B88-9FCD-51C1EB23BF62}.Release|Any CPU.Build.0 = Release|Any CPU
	EndGlobalSection
EndGlobal
